# Generated by pub
# See http://pub.dartlang.org/doc/glossary.html#lockfile

{"packages":{"logging":{"version":"0.5.0+1","source":"hosted","description":"logging"},"formler":{"version":"0.0.5","source":"hosted","description":"formler"},"fukiya":{"version":"0.1.0","source":"hosted","description":"fukiya"},"mustache4dart":{"version":"0.0.12+0.5.0.1","source":"hosted","description":"mustache4dart"},"unittest":{"version":"0.4.7+1","source":"hosted","description":"unittest"},"box2d":{"version":"0.1.4","source":"git","description":{"url":"git://github.com/google/dartbox2d.git","ref":null,"resolved-ref":"52862777fec05d4b9b21c253d6f261299cf154eb"}},"meta":{"version":"0.5.0+1","source":"hosted","description":"meta"},"vector_math":{"version":"1.1.0","source":"hosted","description":"vector_math"},"browser":{"version":"0.5.0+1","source":"hosted","description":"browser"}}}
