        # Generated by pub. See: http://pub.dartlang.org/doc/glossary.html#lockfile
         {"packages":{"box2d":{"version":"0.0.7","source":"hosted","description":"box2d"},"browser":{"version":"0.4.1","source":"hosted","description":"browser"},"unittest":{"version":"0.4.1","source":"hosted","description":"unittest"},"gamelib":{"version":"0.0.0","source":"git","description":{"url":"git://github.com/gjersvik/gamelib.git","ref":null,"resolved-ref":"62cfd9f269df3ea8417635aa5e5c019997783f32"}},"args":{"version":"0.2.10+1","source":"hosted","description":"args"},"meta":{"version":"0.4.1+1","source":"hosted","description":"meta"}}}
        