# Generated by pub
# See http://pub.dartlang.org/doc/glossary.html#lockfile

{"packages":{"dart_config":{"version":"0.3.0+2","source":"hosted","description":"dart_config"},"unittest":{"version":"0.4.4+4","source":"hosted","description":"unittest"},"yaml":{"version":"0.4.4+4","source":"hosted","description":"yaml"},"browser":{"version":"0.3.7+6","source":"hosted","description":"browser"},"meta":{"version":"0.4.4+4","source":"hosted","description":"meta"}}}
