# Generated by pub
# See http://pub.dartlang.org/doc/glossary.html#lockfile

{"packages":{"hop":{"version":"0.20.0+1","source":"hosted","description":"hop"},"unittest":{"version":"0.4.7+1","source":"hosted","description":"unittest"},"bot_io":{"version":"0.20.0-dev","source":"hosted","description":"bot_io"},"args":{"version":"0.4.7+1","source":"hosted","description":"args"},"bot":{"version":"0.16.3+1","source":"hosted","description":"bot"},"meta":{"version":"0.4.7+1","source":"hosted","description":"meta"},"logging":{"version":"0.4.7+1","source":"hosted","description":"logging"},"pathos":{"version":"0.4.7+1","source":"hosted","description":"pathos"}}}
