        # Generated by pub. See: http://pub.dartlang.org/doc/glossary.html#lockfile
         {"packages":{"browser":{"version":"0.4.3+1","source":"hosted","description":"browser"},"gamelib":{"version":"0.1.0","source":"path","description":{"relative":true,"path":"D:\\games\\rougeplanet\\../gamelib"}}}}
        